
Microsoft Visual Studio Solution File, Format Version 12.00
# Visual Studio Version 16
VisualStudioVersion = 16.0.30011.22
MinimumVisualStudioVersion = 10.0.40219.1
Project("{FAE04EC0-301F-11D3-BF4B-00C04F79EFBC}") = "PM_MaliyetHesaplama", "PM_MaliyetHesaplama\PM_MaliyetHesaplama.csproj", "{C54160AF-3D13-4F8F-A62B-01D821D34000}"
EndProject
Project("{00D1A9C2-B5F0-4AF3-8072-F6C62B433612}") = "Database1", "..\Database1\Database1.sqlproj", "{04AC21D9-F149-480F-B345-503C4B09895B}"
EndProject
Project("{54435603-DBB4-11D2-8724-00A0C9A8B90C}") = "MaliyetHesabi", "MaliyetHesabi\MaliyetHesabi.vdproj", "{D857ADFA-0DAC-4830-B380-8656705EB9F3}"
EndProject
Global
	GlobalSection(SolutionConfigurationPlatforms) = preSolution
		Debug|Any CPU = Debug|Any CPU
		Release|Any CPU = Release|Any CPU
	EndGlobalSection
	GlobalSection(ProjectConfigurationPlatforms) = postSolution
		{C54160AF-3D13-4F8F-A62B-01D821D34000}.Debug|Any CPU.ActiveCfg = Debug|Any CPU
		{C54160AF-3D13-4F8F-A62B-01D821D34000}.Debug|Any CPU.Build.0 = Debug|Any CPU
		{C54160AF-3D13-4F8F-A62B-01D821D34000}.Release|Any CPU.ActiveCfg = Release|Any CPU
		{C54160AF-3D13-4F8F-A62B-01D821D34000}.Release|Any CPU.Build.0 = Release|Any CPU
		{04AC21D9-F149-480F-B345-503C4B09895B}.Debug|Any CPU.ActiveCfg = Debug|Any CPU
		{04AC21D9-F149-480F-B345-503C4B09895B}.Debug|Any CPU.Build.0 = Debug|Any CPU
		{04AC21D9-F149-480F-B345-503C4B09895B}.Debug|Any CPU.Deploy.0 = Debug|Any CPU
		{04AC21D9-F149-480F-B345-503C4B09895B}.Release|Any CPU.ActiveCfg = Release|Any CPU
		{04AC21D9-F149-480F-B345-503C4B09895B}.Release|Any CPU.Build.0 = Release|Any CPU
		{04AC21D9-F149-480F-B345-503C4B09895B}.Release|Any CPU.Deploy.0 = Release|Any CPU
		{D857ADFA-0DAC-4830-B380-8656705EB9F3}.Debug|Any CPU.ActiveCfg = Debug
		{D857ADFA-0DAC-4830-B380-8656705EB9F3}.Release|Any CPU.ActiveCfg = Release
	EndGlobalSection
	GlobalSection(SolutionProperties) = preSolution
		HideSolutionNode = FALSE
	EndGlobalSection
	GlobalSection(ExtensibilityGlobals) = postSolution
		SolutionGuid = {7B56EE42-2174-4189-8954-7AB804457119}
	EndGlobalSection
EndGlobal
